
Microsoft Visual Studio Solution File, Format Version 12.00
# Visual Studio 15
VisualStudioVersion = 15.0.28010.2003
MinimumVisualStudioVersion = 10.0.40219.1
Project("{FAE04EC0-301F-11D3-BF4B-00C04F79EFBC}") = "Department1", "Department1\Department1.csproj", "{859933B2-0494-4BAE-98A0-9B01179912F5}"
EndProject
Global
	GlobalSection(SolutionConfigurationPlatforms) = preSolution
		Debug|Any CPU = Debug|Any CPU
		Release|Any CPU = Release|Any CPU
	EndGlobalSection
	GlobalSection(ProjectConfigurationPlatforms) = postSolution
		{859933B2-0494-4BAE-98A0-9B01179912F5}.Debug|Any CPU.ActiveCfg = Debug|Any CPU
		{859933B2-0494-4BAE-98A0-9B01179912F5}.Debug|Any CPU.Build.0 = Debug|Any CPU
		{859933B2-0494-4BAE-98A0-9B01179912F5}.Release|Any CPU.ActiveCfg = Release|Any CPU
		{859933B2-0494-4BAE-98A0-9B01179912F5}.Release|Any CPU.Build.0 = Release|Any CPU
	EndGlobalSection
	GlobalSection(SolutionProperties) = preSolution
		HideSolutionNode = FALSE
	EndGlobalSection
	GlobalSection(ExtensibilityGlobals) = postSolution
		SolutionGuid = {850E1269-2C40-4853-A1A3-ED29B71419DA}
	EndGlobalSection
EndGlobal
